
Microsoft Visual Studio Solution File, Format Version 12.00
# Visual Studio Version 17
VisualStudioVersion = 17.11.35327.3
MinimumVisualStudioVersion = 10.0.40219.1
Project("{FAE04EC0-301F-11D3-BF4B-00C04F79EFBC}") = "lr4_2", "lr4_2.csproj", "{87B39153-E3B2-462C-AA5D-2E88F20FF3ED}"
EndProject
Global
	GlobalSection(SolutionConfigurationPlatforms) = preSolution
		Debug|Any CPU = Debug|Any CPU
		Release|Any CPU = Release|Any CPU
	EndGlobalSection
	GlobalSection(ProjectConfigurationPlatforms) = postSolution
		{87B39153-E3B2-462C-AA5D-2E88F20FF3ED}.Debug|Any CPU.ActiveCfg = Debug|Any CPU
		{87B39153-E3B2-462C-AA5D-2E88F20FF3ED}.Debug|Any CPU.Build.0 = Debug|Any CPU
		{87B39153-E3B2-462C-AA5D-2E88F20FF3ED}.Release|Any CPU.ActiveCfg = Release|Any CPU
		{87B39153-E3B2-462C-AA5D-2E88F20FF3ED}.Release|Any CPU.Build.0 = Release|Any CPU
	EndGlobalSection
	GlobalSection(SolutionProperties) = preSolution
		HideSolutionNode = FALSE
	EndGlobalSection
	GlobalSection(ExtensibilityGlobals) = postSolution
		SolutionGuid = {D6E90E17-FEB3-4751-9A5F-F3AF8A0751F1}
	EndGlobalSection
EndGlobal
